
Microsoft Visual Studio Solution File, Format Version 10.00
# Visual Studio 2008
Project("{FAE04EC0-301F-11D3-BF4B-00C04F79EFBC}") = "Machine.UrlStrong", "Machine.UrlStrong\Machine.UrlStrong.csproj", "{1E98DC01-970D-45EE-809D-9B15EE9A6905}"
EndProject
Project("{FAE04EC0-301F-11D3-BF4B-00C04F79EFBC}") = "Machine.UrlStrong.Specs", "Machine.UrlStrong.Specs\Machine.UrlStrong.Specs.csproj", "{73AB8319-2A85-494B-956D-D42A8BAAD762}"
EndProject
Project("{FAE04EC0-301F-11D3-BF4B-00C04F79EFBC}") = "Machine.UrlStrong.Sample", "Machine.UrlStrong.Sample\Machine.UrlStrong.Sample.csproj", "{B47F37BA-7FE9-4988-9D97-B4385E53DF4E}"
EndProject
Project("{FAE04EC0-301F-11D3-BF4B-00C04F79EFBC}") = "Machine.UrlStrong.Translation", "Machine.UrlStrong.Translation\Machine.UrlStrong.Translation.csproj", "{AAE0BF31-6ACE-45EC-9A38-A0FC0E88F867}"
EndProject
Global
	GlobalSection(SolutionConfigurationPlatforms) = preSolution
		Debug|Any CPU = Debug|Any CPU
		Release|Any CPU = Release|Any CPU
	EndGlobalSection
	GlobalSection(ProjectConfigurationPlatforms) = postSolution
		{1E98DC01-970D-45EE-809D-9B15EE9A6905}.Debug|Any CPU.ActiveCfg = Debug|Any CPU
		{1E98DC01-970D-45EE-809D-9B15EE9A6905}.Debug|Any CPU.Build.0 = Debug|Any CPU
		{1E98DC01-970D-45EE-809D-9B15EE9A6905}.Release|Any CPU.ActiveCfg = Release|Any CPU
		{1E98DC01-970D-45EE-809D-9B15EE9A6905}.Release|Any CPU.Build.0 = Release|Any CPU
		{73AB8319-2A85-494B-956D-D42A8BAAD762}.Debug|Any CPU.ActiveCfg = Debug|Any CPU
		{73AB8319-2A85-494B-956D-D42A8BAAD762}.Debug|Any CPU.Build.0 = Debug|Any CPU
		{73AB8319-2A85-494B-956D-D42A8BAAD762}.Release|Any CPU.ActiveCfg = Release|Any CPU
		{73AB8319-2A85-494B-956D-D42A8BAAD762}.Release|Any CPU.Build.0 = Release|Any CPU
		{B47F37BA-7FE9-4988-9D97-B4385E53DF4E}.Debug|Any CPU.ActiveCfg = Debug|Any CPU
		{B47F37BA-7FE9-4988-9D97-B4385E53DF4E}.Debug|Any CPU.Build.0 = Debug|Any CPU
		{B47F37BA-7FE9-4988-9D97-B4385E53DF4E}.Release|Any CPU.ActiveCfg = Release|Any CPU
		{B47F37BA-7FE9-4988-9D97-B4385E53DF4E}.Release|Any CPU.Build.0 = Release|Any CPU
		{AAE0BF31-6ACE-45EC-9A38-A0FC0E88F867}.Debug|Any CPU.ActiveCfg = Debug|Any CPU
		{AAE0BF31-6ACE-45EC-9A38-A0FC0E88F867}.Debug|Any CPU.Build.0 = Debug|Any CPU
		{AAE0BF31-6ACE-45EC-9A38-A0FC0E88F867}.Release|Any CPU.ActiveCfg = Release|Any CPU
		{AAE0BF31-6ACE-45EC-9A38-A0FC0E88F867}.Release|Any CPU.Build.0 = Release|Any CPU
	EndGlobalSection
	GlobalSection(SolutionProperties) = preSolution
		HideSolutionNode = FALSE
	EndGlobalSection
EndGlobal
